// !$*UTF8*$!
{
	archiveVersion = 1;
	classes = {
	};
	objectVersion = 55;
	objects = {

/* Begin PBXBuildFile section */
		AAAA76822856A20700D8194D /* AppDelegate.swift in Sources */ = {isa = PBXBuildFile; fileRef = AAAA76812856A20700D8194D /* AppDelegate.swift */; };
		AAAA76842856A20700D8194D /* SceneDelegate.swift in Sources */ = {isa = PBXBuildFile; fileRef = AAAA76832856A20700D8194D /* SceneDelegate.swift */; };
		AAAA76862856A20700D8194D /* ViewController.swift in Sources */ = {isa = PBXBuildFile; fileRef = AAAA76852856A20700D8194D /* ViewController.swift */; };
		AAAA76892856A20700D8194D /* Main.storyboard in Resources */ = {isa = PBXBuildFile; fileRef = AAAA76872856A20700D8194D /* Main.storyboard */; };
		AAAA768B2856A20900D8194D /* Assets.xcassets in Resources */ = {isa = PBXBuildFile; fileRef = AAAA768A2856A20900D8194D /* Assets.xcassets */; };
		AAAA768E2856A20900D8194D /* LaunchScreen.storyboard in Resources */ = {isa = PBXBuildFile; fileRef = AAAA768C2856A20900D8194D /* LaunchScreen.storyboard */; };
		AAAA769C2856A35200D8194D /* Montserrat-Thin.ttf in Resources */ = {isa = PBXBuildFile; fileRef = AAAA76962856A35200D8194D /* Montserrat-Thin.ttf */; };
		AAAA769D2856A35200D8194D /* Montserrat-SemiBoldItalic.ttf in Resources */ = {isa = PBXBuildFile; fileRef = AAAA76972856A35200D8194D /* Montserrat-SemiBoldItalic.ttf */; };
		AAAA769E2856A35200D8194D /* Montserrat-Regular.ttf in Resources */ = {isa = PBXBuildFile; fileRef = AAAA76982856A35200D8194D /* Montserrat-Regular.ttf */; };
		AAAA769F2856A35200D8194D /* Montserrat-Medium.ttf in Resources */ = {isa = PBXBuildFile; fileRef = AAAA76992856A35200D8194D /* Montserrat-Medium.ttf */; };
		AAAA76A02856A35200D8194D /* Montserrat-Bold.ttf in Resources */ = {isa = PBXBuildFile; fileRef = AAAA769A2856A35200D8194D /* Montserrat-Bold.ttf */; };
		AAAA76A12856A35200D8194D /* Montserrat-Light.ttf in Resources */ = {isa = PBXBuildFile; fileRef = AAAA769B2856A35200D8194D /* Montserrat-Light.ttf */; };
		AAAA76A32856A4D200D8194D /* ExtensionFont.swift in Sources */ = {isa = PBXBuildFile; fileRef = AAAA76A22856A4D200D8194D /* ExtensionFont.swift */; };
/* End PBXBuildFile section */

/* Begin PBXFileReference section */
		AAAA767E2856A20700D8194D /* custom-font.app */ = {isa = PBXFileReference; explicitFileType = wrapper.application; includeInIndex = 0; path = "custom-font.app"; sourceTree = BUILT_PRODUCTS_DIR; };
		AAAA76812856A20700D8194D /* AppDelegate.swift */ = {isa = PBXFileReference; lastKnownFileType = sourcecode.swift; path = AppDelegate.swift; sourceTree = "<group>"; };
		AAAA76832856A20700D8194D /* SceneDelegate.swift */ = {isa = PBXFileReference; lastKnownFileType = sourcecode.swift; path = SceneDelegate.swift; sourceTree = "<group>"; };
		AAAA76852856A20700D8194D /* ViewController.swift */ = {isa = PBXFileReference; lastKnownFileType = sourcecode.swift; path = ViewController.swift; sourceTree = "<group>"; };
		AAAA76882856A20700D8194D /* Base */ = {isa = PBXFileReference; lastKnownFileType = file.storyboard; name = Base; path = Base.lproj/Main.storyboard; sourceTree = "<group>"; };
		AAAA768A2856A20900D8194D /* Assets.xcassets */ = {isa = PBXFileReference; lastKnownFileType = folder.assetcatalog; path = Assets.xcassets; sourceTree = "<group>"; };
		AAAA768D2856A20900D8194D /* Base */ = {isa = PBXFileReference; lastKnownFileType = file.storyboard; name = Base; path = Base.lproj/LaunchScreen.storyboard; sourceTree = "<group>"; };
		AAAA768F2856A20900D8194D /* Info.plist */ = {isa = PBXFileReference; lastKnownFileType = text.plist.xml; path = Info.plist; sourceTree = "<group>"; };
		AAAA76962856A35200D8194D /* Montserrat-Thin.ttf */ = {isa = PBXFileReference; lastKnownFileType = file; path = "Montserrat-Thin.ttf"; sourceTree = "<group>"; };
		AAAA76972856A35200D8194D /* Montserrat-SemiBoldItalic.ttf */ = {isa = PBXFileReference; lastKnownFileType = file; path = "Montserrat-SemiBoldItalic.ttf"; sourceTree = "<group>"; };
		AAAA76982856A35200D8194D /* Montserrat-Regular.ttf */ = {isa = PBXFileReference; lastKnownFileType = file; path = "Montserrat-Regular.ttf"; sourceTree = "<group>"; };
		AAAA76992856A35200D8194D /* Montserrat-Medium.ttf */ = {isa = PBXFileReference; lastKnownFileType = file; path = "Montserrat-Medium.ttf"; sourceTree = "<group>"; };
		AAAA769A2856A35200D8194D /* Montserrat-Bold.ttf */ = {isa = PBXFileReference; lastKnownFileType = file; path = "Montserrat-Bold.ttf"; sourceTree = "<group>"; };
		AAAA769B2856A35200D8194D /* Montserrat-Light.ttf */ = {isa = PBXFileReference; lastKnownFileType = file; path = "Montserrat-Light.ttf"; sourceTree = "<group>"; };
		AAAA76A22856A4D200D8194D /* ExtensionFont.swift */ = {isa = PBXFileReference; lastKnownFileType = sourcecode.swift; path = ExtensionFont.swift; sourceTree = "<group>"; };
/* End PBXFileReference section */

/* Begin PBXFrameworksBuildPhase section */
		AAAA767B2856A20700D8194D /* Frameworks */ = {
			isa = PBXFrameworksBuildPhase;
			buildActionMask = 2147483647;
			files = (
			);
			runOnlyForDeploymentPostprocessing = 0;
		};
/* End PBXFrameworksBuildPhase section */

/* Begin PBXGroup section */
		AAAA76752856A20700D8194D = {
			isa = PBXGroup;
			children = (
				AAAA76802856A20700D8194D /* custom-font */,
				AAAA767F2856A20700D8194D /* Products */,
			);
			sourceTree = "<group>";
		};
		AAAA767F2856A20700D8194D /* Products */ = {
			isa = PBXGroup;
			children = (
				AAAA767E2856A20700D8194D /* custom-font.app */,
			);
			name = Products;
			sourceTree = "<group>";
		};
		AAAA76802856A20700D8194D /* custom-font */ = {
			isa = PBXGroup;
			children = (
				AAAA76812856A20700D8194D /* AppDelegate.swift */,
				AAAA76832856A20700D8194D /* SceneDelegate.swift */,
				AAAA76852856A20700D8194D /* ViewController.swift */,
				AAAA76A22856A4D200D8194D /* ExtensionFont.swift */,
				AAAA76952856A30800D8194D /* Fonts */,
				AAAA76872856A20700D8194D /* Main.storyboard */,
				AAAA768A2856A20900D8194D /* Assets.xcassets */,
				AAAA768C2856A20900D8194D /* LaunchScreen.storyboard */,
				AAAA768F2856A20900D8194D /* Info.plist */,
			);
			path = "custom-font";
			sourceTree = "<group>";
		};
		AAAA76952856A30800D8194D /* Fonts */ = {
			isa = PBXGroup;
			children = (
				AAAA769A2856A35200D8194D /* Montserrat-Bold.ttf */,
				AAAA769B2856A35200D8194D /* Montserrat-Light.ttf */,
				AAAA76992856A35200D8194D /* Montserrat-Medium.ttf */,
				AAAA76982856A35200D8194D /* Montserrat-Regular.ttf */,
				AAAA76972856A35200D8194D /* Montserrat-SemiBoldItalic.ttf */,
				AAAA76962856A35200D8194D /* Montserrat-Thin.ttf */,
			);
			path = Fonts;
			sourceTree = "<group>";
		};
/* End PBXGroup section */

/* Begin PBXNativeTarget section */
		AAAA767D2856A20700D8194D /* custom-font */ = {
			isa = PBXNativeTarget;
			buildConfigurationList = AAAA76922856A20900D8194D /* Build configuration list for PBXNativeTarget "custom-font" */;
			buildPhases = (
				AAAA767A2856A20700D8194D /* Sources */,
				AAAA767B2856A20700D8194D /* Frameworks */,
				AAAA767C2856A20700D8194D /* Resources */,
			);
			buildRules = (
			);
			dependencies = (
			);
			name = "custom-font";
			productName = "custom-font";
			productReference = AAAA767E2856A20700D8194D /* custom-font.app */;
			productType = "com.apple.product-type.application";
		};
/* End PBXNativeTarget section */

/* Begin PBXProject section */
		AAAA76762856A20700D8194D /* Project object */ = {
			isa = PBXProject;
			attributes = {
				BuildIndependentTargetsInParallel = 1;
				LastSwiftUpdateCheck = 1320;
				LastUpgradeCheck = 1320;
				TargetAttributes = {
					AAAA767D2856A20700D8194D = {
						CreatedOnToolsVersion = 13.2.1;
					};
				};
			};
			buildConfigurationList = AAAA76792856A20700D8194D /* Build configuration list for PBXProject "custom-font" */;
			compatibilityVersion = "Xcode 13.0";
			developmentRegion = en;
			hasScannedForEncodings = 0;
			knownRegions = (
				en,
				Base,
			);
			mainGroup = AAAA76752856A20700D8194D;
			productRefGroup = AAAA767F2856A20700D8194D /* Products */;
			projectDirPath = "";
			projectRoot = "";
			targets = (
				AAAA767D2856A20700D8194D /* custom-font */,
			);
		};
/* End PBXProject section */

/* Begin PBXResourcesBuildPhase section */
		AAAA767C2856A20700D8194D /* Resources */ = {
			isa = PBXResourcesBuildPhase;
			buildActionMask = 2147483647;
			files = (
				AAAA769E2856A35200D8194D /* Montserrat-Regular.ttf in Resources */,
				AAAA768E2856A20900D8194D /* LaunchScreen.storyboard in Resources */,
				AAAA768B2856A20900D8194D /* Assets.xcassets in Resources */,
				AAAA76A12856A35200D8194D /* Montserrat-Light.ttf in Resources */,
				AAAA769F2856A35200D8194D /* Montserrat-Medium.ttf in Resources */,
				AAAA76A02856A35200D8194D /* Montserrat-Bold.ttf in Resources */,
				AAAA769C2856A35200D8194D /* Montserrat-Thin.ttf in Resources */,
				AAAA769D2856A35200D8194D /* Montserrat-SemiBoldItalic.ttf in Resources */,
				AAAA76892856A20700D8194D /* Main.storyboard in Resources */,
			);
			runOnlyForDeploymentPostprocessing = 0;
		};
/* End PBXResourcesBuildPhase section */

/* Begin PBXSourcesBuildPhase section */
		AAAA767A2856A20700D8194D /* Sources */ = {
			isa = PBXSourcesBuildPhase;
			buildActionMask = 2147483647;
			files = (
				AAAA76862856A20700D8194D /* ViewController.swift in Sources */,
				AAAA76822856A20700D8194D /* AppDelegate.swift in Sources */,
				AAAA76A32856A4D200D8194D /* ExtensionFont.swift in Sources */,
				AAAA76842856A20700D8194D /* SceneDelegate.swift in Sources */,
			);
			runOnlyForDeploymentPostprocessing = 0;
		};
/* End PBXSourcesBuildPhase section */

/* Begin PBXVariantGroup section */
		AAAA76872856A20700D8194D /* Main.storyboard */ = {
			isa = PBXVariantGroup;
			children = (
				AAAA76882856A20700D8194D /* Base */,
			);
			name = Main.storyboard;
			sourceTree = "<group>";
		};
		AAAA768C2856A20900D8194D /* LaunchScreen.storyboard */ = {
			isa = PBXVariantGroup;
			children = (
				AAAA768D2856A20900D8194D /* Base */,
			);
			name = LaunchScreen.storyboard;
			sourceTree = "<group>";
		};
/* End PBXVariantGroup section */

/* Begin XCBuildConfiguration section */
		AAAA76902856A20900D8194D /* Debug */ = {
			isa = XCBuildConfiguration;
			buildSettings = {
				ALWAYS_SEARCH_USER_PATHS = NO;
				CLANG_ANALYZER_NONNULL = YES;
				CLANG_ANALYZER_NUMBER_OBJECT_CONVERSION = YES_AGGRESSIVE;
				CLANG_CXX_LANGUAGE_STANDARD = "gnu++17";
				CLANG_CXX_LIBRARY = "libc++";
				CLANG_ENABLE_MODULES = YES;
				CLANG_ENABLE_OBJC_ARC = YES;
				CLANG_ENABLE_OBJC_WEAK = YES;
				CLANG_WARN_BLOCK_CAPTURE_AUTORELEASING = YES;
				CLANG_WARN_BOOL_CONVERSION = YES;
				CLANG_WARN_COMMA = YES;
				CLANG_WARN_CONSTANT_CONVERSION = YES;
				CLANG_WARN_DEPRECATED_OBJC_IMPLEMENTATIONS = YES;
				CLANG_WARN_DIRECT_OBJC_ISA_USAGE = YES_ERROR;
				CLANG_WARN_DOCUMENTATION_COMMENTS = YES;
				CLANG_WARN_EMPTY_BODY = YES;
				CLANG_WARN_ENUM_CONVERSION = YES;
				CLANG_WARN_INFINITE_RECURSION = YES;
				CLANG_WARN_INT_CONVERSION = YES;
				CLANG_WARN_NON_LITERAL_NULL_CONVERSION = YES;
				CLANG_WARN_OBJC_IMPLICIT_RETAIN_SELF = YES;
				CLANG_WARN_OBJC_LITERAL_CONVERSION = YES;
				CLANG_WARN_OBJC_ROOT_CLASS = YES_ERROR;
				CLANG_WARN_QUOTED_INCLUDE_IN_FRAMEWORK_HEADER = YES;
				CLANG_WARN_RANGE_LOOP_ANALYSIS = YES;
				CLANG_WARN_STRICT_PROTOTYPES = YES;
				CLANG_WARN_SUSPICIOUS_MOVE = YES;
				CLANG_WARN_UNGUARDED_AVAILABILITY = YES_AGGRESSIVE;
				CLANG_WARN_UNREACHABLE_CODE = YES;
				CLANG_WARN__DUPLICATE_METHOD_MATCH = YES;
				COPY_PHASE_STRIP = NO;
				DEBUG_INFORMATION_FORMAT = dwarf;
				ENABLE_STRICT_OBJC_MSGSEND = YES;
				ENABLE_TESTABILITY = YES;
				GCC_C_LANGUAGE_STANDARD = gnu11;
				GCC_DYNAMIC_NO_PIC = NO;
				GCC_NO_COMMON_BLOCKS = YES;
				GCC_OPTIMIZATION_LEVEL = 0;
				GCC_PREPROCESSOR_DEFINITIONS = (
					"DEBUG=1",
					"$(inherited)",
				);
				GCC_WARN_64_TO_32_BIT_CONVERSION = YES;
				GCC_WARN_ABOUT_RETURN_TYPE = YES_ERROR;
				GCC_WARN_UNDECLARED_SELECTOR = YES;
				GCC_WARN_UNINITIALIZED_AUTOS = YES_AGGRESSIVE;
				GCC_WARN_UNUSED_FUNCTION = YES;
				GCC_WARN_UNUSED_VARIABLE = YES;
				IPHONEOS_DEPLOYMENT_TARGET = 15.2;
				MTL_ENABLE_DEBUG_INFO = INCLUDE_SOURCE;
				MTL_FAST_MATH = YES;
				ONLY_ACTIVE_ARCH = YES;
				SDKROOT = iphoneos;
				SWIFT_ACTIVE_COMPILATION_CONDITIONS = DEBUG;
				SWIFT_OPTIMIZATION_LEVEL = "-Onone";
			};
			name = Debug;
		};
		AAAA76912856A20900D8194D /* Release */ = {
			isa = XCBuildConfiguration;
			buildSettings = {
				ALWAYS_SEARCH_USER_PATHS = NO;
				CLANG_ANALYZER_NONNULL = YES;
				CLANG_ANALYZER_NUMBER_OBJECT_CONVERSION = YES_AGGRESSIVE;
				CLANG_CXX_LANGUAGE_STANDARD = "gnu++17";
				CLANG_CXX_LIBRARY = "libc++";
				CLANG_ENABLE_MODULES = YES;
				CLANG_ENABLE_OBJC_ARC = YES;
				CLANG_ENABLE_OBJC_WEAK = YES;
				CLANG_WARN_BLOCK_CAPTURE_AUTORELEASING = YES;
				CLANG_WARN_BOOL_CONVERSION = YES;
				CLANG_WARN_COMMA = YES;
				CLANG_WARN_CONSTANT_CONVERSION = YES;
				CLANG_WARN_DEPRECATED_OBJC_IMPLEMENTATIONS = YES;
				CLANG_WARN_DIRECT_OBJC_ISA_USAGE = YES_ERROR;
				CLANG_WARN_DOCUMENTATION_COMMENTS = YES;
				CLANG_WARN_EMPTY_BODY = YES;
				CLANG_WARN_ENUM_CONVERSION = YES;
				CLANG_WARN_INFINITE_RECURSION = YES;
				CLANG_WARN_INT_CONVERSION = YES;
				CLANG_WARN_NON_LITERAL_NULL_CONVERSION = YES;
				CLANG_WARN_OBJC_IMPLICIT_RETAIN_SELF = YES;
				CLANG_WARN_OBJC_LITERAL_CONVERSION = YES;
				CLANG_WARN_OBJC_ROOT_CLASS = YES_ERROR;
				CLANG_WARN_QUOTED_INCLUDE_IN_FRAMEWORK_HEADER = YES;
				CLANG_WARN_RANGE_LOOP_ANALYSIS = YES;
				CLANG_WARN_STRICT_PROTOTYPES = YES;
				CLANG_WARN_SUSPICIOUS_MOVE = YES;
				CLANG_WARN_UNGUARDED_AVAILABILITY = YES_AGGRESSIVE;
				CLANG_WARN_UNREACHABLE_CODE = YES;
				CLANG_WARN__DUPLICATE_METHOD_MATCH = YES;
				COPY_PHASE_STRIP = NO;
				DEBUG_INFORMATION_FORMAT = "dwarf-with-dsym";
				ENABLE_NS_ASSERTIONS = NO;
				ENABLE_STRICT_OBJC_MSGSEND = YES;
				GCC_C_LANGUAGE_STANDARD = gnu11;
				GCC_NO_COMMON_BLOCKS = YES;
				GCC_WARN_64_TO_32_BIT_CONVERSION = YES;
				GCC_WARN_ABOUT_RETURN_TYPE = YES_ERROR;
				GCC_WARN_UNDECLARED_SELECTOR = YES;
				GCC_WARN_UNINITIALIZED_AUTOS = YES_AGGRESSIVE;
				GCC_WARN_UNUSED_FUNCTION = YES;
				GCC_WARN_UNUSED_VARIABLE = YES;
				IPHONEOS_DEPLOYMENT_TARGET = 15.2;
				MTL_ENABLE_DEBUG_INFO = NO;
				MTL_FAST_MATH = YES;
				SDKROOT = iphoneos;
				SWIFT_COMPILATION_MODE = wholemodule;
				SWIFT_OPTIMIZATION_LEVEL = "-O";
				VALIDATE_PRODUCT = YES;
			};
			name = Release;
		};
		AAAA76932856A20900D8194D /* Debug */ = {
			isa = XCBuildConfiguration;
			buildSettings = {
				ASSETCATALOG_COMPILER_APPICON_NAME = AppIcon;
				ASSETCATALOG_COMPILER_GLOBAL_ACCENT_COLOR_NAME = AccentColor;
				CODE_SIGN_STYLE = Automatic;
				CURRENT_PROJECT_VERSION = 1;
				DEVELOPMENT_TEAM = YPUYXNQK24;
				GENERATE_INFOPLIST_FILE = YES;
				INFOPLIST_FILE = "custom-font/Info.plist";
				INFOPLIST_KEY_UIApplicationSupportsIndirectInputEvents = YES;
				INFOPLIST_KEY_UILaunchStoryboardName = LaunchScreen;
				INFOPLIST_KEY_UIMainStoryboardFile = Main;
				INFOPLIST_KEY_UISupportedInterfaceOrientations_iPad = "UIInterfaceOrientationPortrait UIInterfaceOrientationPortraitUpsideDown UIInterfaceOrientationLandscapeLeft UIInterfaceOrientationLandscapeRight";
				INFOPLIST_KEY_UISupportedInterfaceOrientations_iPhone = "UIInterfaceOrientationPortrait UIInterfaceOrientationLandscapeLeft UIInterfaceOrientationLandscapeRight";
				LD_RUNPATH_SEARCH_PATHS = (
					"$(inherited)",
					"@executable_path/Frameworks",
				);
				MARKETING_VERSION = 1.0;
				PRODUCT_BUNDLE_IDENTIFIER = "com.font.custom-font";
				PRODUCT_NAME = "$(TARGET_NAME)";
				SWIFT_EMIT_LOC_STRINGS = YES;
				SWIFT_VERSION = 5.0;
				TARGETED_DEVICE_FAMILY = "1,2";
			};
			name = Debug;
		};
		AAAA76942856A20900D8194D /* Release */ = {
			isa = XCBuildConfiguration;
			buildSettings = {
				ASSETCATALOG_COMPILER_APPICON_NAME = AppIcon;
				ASSETCATALOG_COMPILER_GLOBAL_ACCENT_COLOR_NAME = AccentColor;
				CODE_SIGN_STYLE = Automatic;
				CURRENT_PROJECT_VERSION = 1;
				DEVELOPMENT_TEAM = YPUYXNQK24;
				GENERATE_INFOPLIST_FILE = YES;
				INFOPLIST_FILE = "custom-font/Info.plist";
				INFOPLIST_KEY_UIApplicationSupportsIndirectInputEvents = YES;
				INFOPLIST_KEY_UILaunchStoryboardName = LaunchScreen;
				INFOPLIST_KEY_UIMainStoryboardFile = Main;
				INFOPLIST_KEY_UISupportedInterfaceOrientations_iPad = "UIInterfaceOrientationPortrait UIInterfaceOrientationPortraitUpsideDown UIInterfaceOrientationLandscapeLeft UIInterfaceOrientationLandscapeRight";
				INFOPLIST_KEY_UISupportedInterfaceOrientations_iPhone = "UIInterfaceOrientationPortrait UIInterfaceOrientationLandscapeLeft UIInterfaceOrientationLandscapeRight";
				LD_RUNPATH_SEARCH_PATHS = (
					"$(inherited)",
					"@executable_path/Frameworks",
				);
				MARKETING_VERSION = 1.0;
				PRODUCT_BUNDLE_IDENTIFIER = "com.font.custom-font";
				PRODUCT_NAME = "$(TARGET_NAME)";
				SWIFT_EMIT_LOC_STRINGS = YES;
				SWIFT_VERSION = 5.0;
				TARGETED_DEVICE_FAMILY = "1,2";
			};
			name = Release;
		};
/* End XCBuildConfiguration section */

/* Begin XCConfigurationList section */
		AAAA76792856A20700D8194D /* Build configuration list for PBXProject "custom-font" */ = {
			isa = XCConfigurationList;
			buildConfigurations = (
				AAAA76902856A20900D8194D /* Debug */,
				AAAA76912856A20900D8194D /* Release */,
			);
			defaultConfigurationIsVisible = 0;
			defaultConfigurationName = Release;
		};
		AAAA76922856A20900D8194D /* Build configuration list for PBXNativeTarget "custom-font" */ = {
			isa = XCConfigurationList;
			buildConfigurations = (
				AAAA76932856A20900D8194D /* Debug */,
				AAAA76942856A20900D8194D /* Release */,
			);
			defaultConfigurationIsVisible = 0;
			defaultConfigurationName = Release;
		};
/* End XCConfigurationList section */
	};
	rootObject = AAAA76762856A20700D8194D /* Project object */;
}
